
Microsoft Visual Studio Solution File, Format Version 12.00
# Visual Studio Version 17
VisualStudioVersion = 17.14.36221.1 d17.14
MinimumVisualStudioVersion = 10.0.40219.1
Project("{FAE04EC0-301F-11D3-BF4B-00C04F79EFBC}") = "TestReport", "TestReport\TestReport.csproj", "{744E4093-4AEA-42A8-9BE7-51C95209B2A9}"
EndProject
Global
	GlobalSection(SolutionConfigurationPlatforms) = preSolution
		Debug|Any CPU = Debug|Any CPU
		Release|Any CPU = Release|Any CPU
	EndGlobalSection
	GlobalSection(ProjectConfigurationPlatforms) = postSolution
		{744E4093-4AEA-42A8-9BE7-51C95209B2A9}.Debug|Any CPU.ActiveCfg = Debug|Any CPU
		{744E4093-4AEA-42A8-9BE7-51C95209B2A9}.Debug|Any CPU.Build.0 = Debug|Any CPU
		{744E4093-4AEA-42A8-9BE7-51C95209B2A9}.Release|Any CPU.ActiveCfg = Release|Any CPU
		{744E4093-4AEA-42A8-9BE7-51C95209B2A9}.Release|Any CPU.Build.0 = Release|Any CPU
	EndGlobalSection
	GlobalSection(SolutionProperties) = preSolution
		HideSolutionNode = FALSE
	EndGlobalSection
	GlobalSection(ExtensibilityGlobals) = postSolution
		SolutionGuid = {CE2AA49B-DCBF-4654-B4F7-4CC64A433D44}
	EndGlobalSection
EndGlobal
